
Microsoft Visual Studio Solution File, Format Version 12.00
# Visual Studio 15
VisualStudioVersion = 15.0.27004.2005
MinimumVisualStudioVersion = 10.0.40219.1
Project("{FAE04EC0-301F-11D3-BF4B-00C04F79EFBC}") = "poker-client", "poker-client\poker-client.csproj", "{00417FB9-FB41-4195-98BF-5738E986B8EE}"
EndProject
Global
	GlobalSection(SolutionConfigurationPlatforms) = preSolution
		Debug|Any CPU = Debug|Any CPU
		Release|Any CPU = Release|Any CPU
	EndGlobalSection
	GlobalSection(ProjectConfigurationPlatforms) = postSolution
		{00417FB9-FB41-4195-98BF-5738E986B8EE}.Debug|Any CPU.ActiveCfg = Debug|Any CPU
		{00417FB9-FB41-4195-98BF-5738E986B8EE}.Debug|Any CPU.Build.0 = Debug|Any CPU
		{00417FB9-FB41-4195-98BF-5738E986B8EE}.Release|Any CPU.ActiveCfg = Release|Any CPU
		{00417FB9-FB41-4195-98BF-5738E986B8EE}.Release|Any CPU.Build.0 = Release|Any CPU
	EndGlobalSection
	GlobalSection(SolutionProperties) = preSolution
		HideSolutionNode = FALSE
	EndGlobalSection
	GlobalSection(ExtensibilityGlobals) = postSolution
		SolutionGuid = {5CCAE7F2-3D28-450E-B85D-7273FC99003E}
	EndGlobalSection
EndGlobal
